
Microsoft Visual Studio Solution File, Format Version 12.00
# Visual Studio 15
VisualStudioVersion = 15.0.26124.0
MinimumVisualStudioVersion = 15.0.26124.0
Project("{FAE04EC0-301F-11D3-BF4B-00C04F79EFBC}") = "Penguin.Cms.Pages.Local", "Penguin.Cms.Pages.Local.csproj", "{CB0A484A-501F-46A9-B6C6-9B0B4C068D9B}"
EndProject
Project("{FAE04EC0-301F-11D3-BF4B-00C04F79EFBC}") = "Penguin.Cms.Entities.Local", "..\Penguin.Cms.Entities\Penguin.Cms.Entities.Local.csproj", "{DC1DA51B-173C-40F7-95B4-2E384A8D4C2B}"
EndProject
Project("{FAE04EC0-301F-11D3-BF4B-00C04F79EFBC}") = "Penguin.Persistence.Abstractions.Local", "..\Penguin.Persistence.Abstractions\Penguin.Persistence.Abstractions.Local.csproj", "{A05106E8-5B58-4EE1-81ED-D82D14A19B55}"
EndProject
Project("{FAE04EC0-301F-11D3-BF4B-00C04F79EFBC}") = "Penguin.Entities.Abstractions.Local", "..\Penguin.Entities.Abstractions\Penguin.Entities.Abstractions.Local.csproj", "{AB433EA0-BFAF-4F92-9A83-F6876892CBF4}"
EndProject
Project("{FAE04EC0-301F-11D3-BF4B-00C04F79EFBC}") = "Penguin.Reflection.Extensions.Local", "..\Penguin.Reflection.Extensions\Penguin.Reflection.Extensions.Local.csproj", "{7E1BB73B-FFB7-4F57-9D66-3EA32C5B9490}"
EndProject
Project("{FAE04EC0-301F-11D3-BF4B-00C04F79EFBC}") = "Penguin.Extensions.String.Local", "..\Penguin.Extensions.String\Penguin.Extensions.String.Local.csproj", "{BBCB0FF7-FA95-404D-86CB-98F7D9C58C1F}"
EndProject
Project("{FAE04EC0-301F-11D3-BF4B-00C04F79EFBC}") = "Penguin.Reflection.Abstractions.Local", "..\Penguin.Reflection.Abstractions\Penguin.Reflection.Abstractions.Local.csproj", "{2446A358-DA41-4F60-9AB6-DA1D86573872}"
EndProject
Project("{FAE04EC0-301F-11D3-BF4B-00C04F79EFBC}") = "Penguin.Templating.Abstractions.Local", "..\Penguin.Templating.Abstractions\Penguin.Templating.Abstractions.Local.csproj", "{934CE313-1368-43E5-A9AB-3B943BB4A80E}"
EndProject
Global
	GlobalSection(SolutionConfigurationPlatforms) = preSolution
		Debug|Any CPU = Debug|Any CPU
		Debug|x64 = Debug|x64
		Debug|x86 = Debug|x86
		Release|Any CPU = Release|Any CPU
		Release|x64 = Release|x64
		Release|x86 = Release|x86
	EndGlobalSection
	GlobalSection(SolutionProperties) = preSolution
		HideSolutionNode = FALSE
	EndGlobalSection
	GlobalSection(ProjectConfigurationPlatforms) = postSolution
		{CB0A484A-501F-46A9-B6C6-9B0B4C068D9B}.Debug|Any CPU.ActiveCfg = Debug|Any CPU
		{CB0A484A-501F-46A9-B6C6-9B0B4C068D9B}.Debug|Any CPU.Build.0 = Debug|Any CPU
		{CB0A484A-501F-46A9-B6C6-9B0B4C068D9B}.Debug|x64.ActiveCfg = Debug|Any CPU
		{CB0A484A-501F-46A9-B6C6-9B0B4C068D9B}.Debug|x64.Build.0 = Debug|Any CPU
		{CB0A484A-501F-46A9-B6C6-9B0B4C068D9B}.Debug|x86.ActiveCfg = Debug|Any CPU
		{CB0A484A-501F-46A9-B6C6-9B0B4C068D9B}.Debug|x86.Build.0 = Debug|Any CPU
		{CB0A484A-501F-46A9-B6C6-9B0B4C068D9B}.Release|Any CPU.ActiveCfg = Release|Any CPU
		{CB0A484A-501F-46A9-B6C6-9B0B4C068D9B}.Release|Any CPU.Build.0 = Release|Any CPU
		{CB0A484A-501F-46A9-B6C6-9B0B4C068D9B}.Release|x64.ActiveCfg = Release|Any CPU
		{CB0A484A-501F-46A9-B6C6-9B0B4C068D9B}.Release|x64.Build.0 = Release|Any CPU
		{CB0A484A-501F-46A9-B6C6-9B0B4C068D9B}.Release|x86.ActiveCfg = Release|Any CPU
		{CB0A484A-501F-46A9-B6C6-9B0B4C068D9B}.Release|x86.Build.0 = Release|Any CPU
		{DC1DA51B-173C-40F7-95B4-2E384A8D4C2B}.Debug|Any CPU.ActiveCfg = Debug|Any CPU
		{DC1DA51B-173C-40F7-95B4-2E384A8D4C2B}.Debug|Any CPU.Build.0 = Debug|Any CPU
		{DC1DA51B-173C-40F7-95B4-2E384A8D4C2B}.Debug|x64.ActiveCfg = Debug|Any CPU
		{DC1DA51B-173C-40F7-95B4-2E384A8D4C2B}.Debug|x64.Build.0 = Debug|Any CPU
		{DC1DA51B-173C-40F7-95B4-2E384A8D4C2B}.Debug|x86.ActiveCfg = Debug|Any CPU
		{DC1DA51B-173C-40F7-95B4-2E384A8D4C2B}.Debug|x86.Build.0 = Debug|Any CPU
		{DC1DA51B-173C-40F7-95B4-2E384A8D4C2B}.Release|Any CPU.ActiveCfg = Release|Any CPU
		{DC1DA51B-173C-40F7-95B4-2E384A8D4C2B}.Release|Any CPU.Build.0 = Release|Any CPU
		{DC1DA51B-173C-40F7-95B4-2E384A8D4C2B}.Release|x64.ActiveCfg = Release|Any CPU
		{DC1DA51B-173C-40F7-95B4-2E384A8D4C2B}.Release|x64.Build.0 = Release|Any CPU
		{DC1DA51B-173C-40F7-95B4-2E384A8D4C2B}.Release|x86.ActiveCfg = Release|Any CPU
		{DC1DA51B-173C-40F7-95B4-2E384A8D4C2B}.Release|x86.Build.0 = Release|Any CPU
		{A05106E8-5B58-4EE1-81ED-D82D14A19B55}.Debug|Any CPU.ActiveCfg = Debug|Any CPU
		{A05106E8-5B58-4EE1-81ED-D82D14A19B55}.Debug|Any CPU.Build.0 = Debug|Any CPU
		{A05106E8-5B58-4EE1-81ED-D82D14A19B55}.Debug|x64.ActiveCfg = Debug|Any CPU
		{A05106E8-5B58-4EE1-81ED-D82D14A19B55}.Debug|x64.Build.0 = Debug|Any CPU
		{A05106E8-5B58-4EE1-81ED-D82D14A19B55}.Debug|x86.ActiveCfg = Debug|Any CPU
		{A05106E8-5B58-4EE1-81ED-D82D14A19B55}.Debug|x86.Build.0 = Debug|Any CPU
		{A05106E8-5B58-4EE1-81ED-D82D14A19B55}.Release|Any CPU.ActiveCfg = Release|Any CPU
		{A05106E8-5B58-4EE1-81ED-D82D14A19B55}.Release|Any CPU.Build.0 = Release|Any CPU
		{A05106E8-5B58-4EE1-81ED-D82D14A19B55}.Release|x64.ActiveCfg = Release|Any CPU
		{A05106E8-5B58-4EE1-81ED-D82D14A19B55}.Release|x64.Build.0 = Release|Any CPU
		{A05106E8-5B58-4EE1-81ED-D82D14A19B55}.Release|x86.ActiveCfg = Release|Any CPU
		{A05106E8-5B58-4EE1-81ED-D82D14A19B55}.Release|x86.Build.0 = Release|Any CPU
		{AB433EA0-BFAF-4F92-9A83-F6876892CBF4}.Debug|Any CPU.ActiveCfg = Debug|Any CPU
		{AB433EA0-BFAF-4F92-9A83-F6876892CBF4}.Debug|Any CPU.Build.0 = Debug|Any CPU
		{AB433EA0-BFAF-4F92-9A83-F6876892CBF4}.Debug|x64.ActiveCfg = Debug|Any CPU
		{AB433EA0-BFAF-4F92-9A83-F6876892CBF4}.Debug|x64.Build.0 = Debug|Any CPU
		{AB433EA0-BFAF-4F92-9A83-F6876892CBF4}.Debug|x86.ActiveCfg = Debug|Any CPU
		{AB433EA0-BFAF-4F92-9A83-F6876892CBF4}.Debug|x86.Build.0 = Debug|Any CPU
		{AB433EA0-BFAF-4F92-9A83-F6876892CBF4}.Release|Any CPU.ActiveCfg = Release|Any CPU
		{AB433EA0-BFAF-4F92-9A83-F6876892CBF4}.Release|Any CPU.Build.0 = Release|Any CPU
		{AB433EA0-BFAF-4F92-9A83-F6876892CBF4}.Release|x64.ActiveCfg = Release|Any CPU
		{AB433EA0-BFAF-4F92-9A83-F6876892CBF4}.Release|x64.Build.0 = Release|Any CPU
		{AB433EA0-BFAF-4F92-9A83-F6876892CBF4}.Release|x86.ActiveCfg = Release|Any CPU
		{AB433EA0-BFAF-4F92-9A83-F6876892CBF4}.Release|x86.Build.0 = Release|Any CPU
		{7E1BB73B-FFB7-4F57-9D66-3EA32C5B9490}.Debug|Any CPU.ActiveCfg = Debug|Any CPU
		{7E1BB73B-FFB7-4F57-9D66-3EA32C5B9490}.Debug|Any CPU.Build.0 = Debug|Any CPU
		{7E1BB73B-FFB7-4F57-9D66-3EA32C5B9490}.Debug|x64.ActiveCfg = Debug|Any CPU
		{7E1BB73B-FFB7-4F57-9D66-3EA32C5B9490}.Debug|x64.Build.0 = Debug|Any CPU
		{7E1BB73B-FFB7-4F57-9D66-3EA32C5B9490}.Debug|x86.ActiveCfg = Debug|Any CPU
		{7E1BB73B-FFB7-4F57-9D66-3EA32C5B9490}.Debug|x86.Build.0 = Debug|Any CPU
		{7E1BB73B-FFB7-4F57-9D66-3EA32C5B9490}.Release|Any CPU.ActiveCfg = Release|Any CPU
		{7E1BB73B-FFB7-4F57-9D66-3EA32C5B9490}.Release|Any CPU.Build.0 = Release|Any CPU
		{7E1BB73B-FFB7-4F57-9D66-3EA32C5B9490}.Release|x64.ActiveCfg = Release|Any CPU
		{7E1BB73B-FFB7-4F57-9D66-3EA32C5B9490}.Release|x64.Build.0 = Release|Any CPU
		{7E1BB73B-FFB7-4F57-9D66-3EA32C5B9490}.Release|x86.ActiveCfg = Release|Any CPU
		{7E1BB73B-FFB7-4F57-9D66-3EA32C5B9490}.Release|x86.Build.0 = Release|Any CPU
		{BBCB0FF7-FA95-404D-86CB-98F7D9C58C1F}.Debug|Any CPU.ActiveCfg = Debug|Any CPU
		{BBCB0FF7-FA95-404D-86CB-98F7D9C58C1F}.Debug|Any CPU.Build.0 = Debug|Any CPU
		{BBCB0FF7-FA95-404D-86CB-98F7D9C58C1F}.Debug|x64.ActiveCfg = Debug|Any CPU
		{BBCB0FF7-FA95-404D-86CB-98F7D9C58C1F}.Debug|x64.Build.0 = Debug|Any CPU
		{BBCB0FF7-FA95-404D-86CB-98F7D9C58C1F}.Debug|x86.ActiveCfg = Debug|Any CPU
		{BBCB0FF7-FA95-404D-86CB-98F7D9C58C1F}.Debug|x86.Build.0 = Debug|Any CPU
		{BBCB0FF7-FA95-404D-86CB-98F7D9C58C1F}.Release|Any CPU.ActiveCfg = Release|Any CPU
		{BBCB0FF7-FA95-404D-86CB-98F7D9C58C1F}.Release|Any CPU.Build.0 = Release|Any CPU
		{BBCB0FF7-FA95-404D-86CB-98F7D9C58C1F}.Release|x64.ActiveCfg = Release|Any CPU
		{BBCB0FF7-FA95-404D-86CB-98F7D9C58C1F}.Release|x64.Build.0 = Release|Any CPU
		{BBCB0FF7-FA95-404D-86CB-98F7D9C58C1F}.Release|x86.ActiveCfg = Release|Any CPU
		{BBCB0FF7-FA95-404D-86CB-98F7D9C58C1F}.Release|x86.Build.0 = Release|Any CPU
		{2446A358-DA41-4F60-9AB6-DA1D86573872}.Debug|Any CPU.ActiveCfg = Debug|Any CPU
		{2446A358-DA41-4F60-9AB6-DA1D86573872}.Debug|Any CPU.Build.0 = Debug|Any CPU
		{2446A358-DA41-4F60-9AB6-DA1D86573872}.Debug|x64.ActiveCfg = Debug|Any CPU
		{2446A358-DA41-4F60-9AB6-DA1D86573872}.Debug|x64.Build.0 = Debug|Any CPU
		{2446A358-DA41-4F60-9AB6-DA1D86573872}.Debug|x86.ActiveCfg = Debug|Any CPU
		{2446A358-DA41-4F60-9AB6-DA1D86573872}.Debug|x86.Build.0 = Debug|Any CPU
		{2446A358-DA41-4F60-9AB6-DA1D86573872}.Release|Any CPU.ActiveCfg = Release|Any CPU
		{2446A358-DA41-4F60-9AB6-DA1D86573872}.Release|Any CPU.Build.0 = Release|Any CPU
		{2446A358-DA41-4F60-9AB6-DA1D86573872}.Release|x64.ActiveCfg = Release|Any CPU
		{2446A358-DA41-4F60-9AB6-DA1D86573872}.Release|x64.Build.0 = Release|Any CPU
		{2446A358-DA41-4F60-9AB6-DA1D86573872}.Release|x86.ActiveCfg = Release|Any CPU
		{2446A358-DA41-4F60-9AB6-DA1D86573872}.Release|x86.Build.0 = Release|Any CPU
		{934CE313-1368-43E5-A9AB-3B943BB4A80E}.Debug|Any CPU.ActiveCfg = Debug|Any CPU
		{934CE313-1368-43E5-A9AB-3B943BB4A80E}.Debug|Any CPU.Build.0 = Debug|Any CPU
		{934CE313-1368-43E5-A9AB-3B943BB4A80E}.Debug|x64.ActiveCfg = Debug|Any CPU
		{934CE313-1368-43E5-A9AB-3B943BB4A80E}.Debug|x64.Build.0 = Debug|Any CPU
		{934CE313-1368-43E5-A9AB-3B943BB4A80E}.Debug|x86.ActiveCfg = Debug|Any CPU
		{934CE313-1368-43E5-A9AB-3B943BB4A80E}.Debug|x86.Build.0 = Debug|Any CPU
		{934CE313-1368-43E5-A9AB-3B943BB4A80E}.Release|Any CPU.ActiveCfg = Release|Any CPU
		{934CE313-1368-43E5-A9AB-3B943BB4A80E}.Release|Any CPU.Build.0 = Release|Any CPU
		{934CE313-1368-43E5-A9AB-3B943BB4A80E}.Release|x64.ActiveCfg = Release|Any CPU
		{934CE313-1368-43E5-A9AB-3B943BB4A80E}.Release|x64.Build.0 = Release|Any CPU
		{934CE313-1368-43E5-A9AB-3B943BB4A80E}.Release|x86.ActiveCfg = Release|Any CPU
		{934CE313-1368-43E5-A9AB-3B943BB4A80E}.Release|x86.Build.0 = Release|Any CPU
	EndGlobalSection
EndGlobal
